PODS:
  - Flutter (1.0.0)
  - flutter_native_bridge (0.0.1):
    - Flutter

DEPENDENCIES:
  - Flutter (from `.symlinks/flutter/ios`)
  - flutter_native_bridge (from `.symlinks/plugins/flutter_native_bridge/ios`)

EXTERNAL SOURCES:
  Flutter:
    :path: ".symlinks/flutter/ios"
  flutter_native_bridge:
    :path: ".symlinks/plugins/flutter_native_bridge/ios"

SPEC CHECKSUMS:
  Flutter: 58dd7d1b27887414a370fcccb9e645c08ffd7a6a
  flutter_native_bridge: 3b1dfa630ab9024c3a2d52f8f86eecdcea160c8e

PODFILE CHECKSUM: aff02bfeed411c636180d6812254b2daeea14d09

COCOAPODS: 1.6.1
